# This file is generated by running "yarn install" inside your project.
# Manual changes might be lost - proceed with caution!

__metadata:
  version: 6
  cacheKey: 8

"@esbuild/android-arm64@npm:0.19.0":
  version: 0.19.0
  resolution: "@esbuild/android-arm64@npm:0.19.0"
  conditions: os=android & cpu=arm64
  languageName: node
  linkType: hard

"@esbuild/android-arm@npm:0.19.0":
  version: 0.19.0
  resolution: "@esbuild/android-arm@npm:0.19.0"
  conditions: os=android & cpu=arm
  languageName: node
  linkType: hard

"@esbuild/android-x64@npm:0.19.0":
  version: 0.19.0
  resolution: "@esbuild/android-x64@npm:0.19.0"
  conditions: os=android & cpu=x64
  languageName: node
  linkType: hard

"@esbuild/darwin-arm64@npm:0.19.0":
  version: 0.19.0
  resolution: "@esbuild/darwin-arm64@npm:0.19.0"
  conditions: os=darwin & cpu=arm64
  languageName: node
  linkType: hard

"@esbuild/darwin-x64@npm:0.19.0":
  version: 0.19.0
  resolution: "@esbuild/darwin-x64@npm:0.19.0"
  conditions: os=darwin & cpu=x64
  languageName: node
  linkType: hard

"@esbuild/freebsd-arm64@npm:0.19.0":
  version: 0.19.0
  resolution: "@esbuild/freebsd-arm64@npm:0.19.0"
  conditions: os=freebsd & cpu=arm64
  languageName: node
  linkType: hard

"@esbuild/freebsd-x64@npm:0.19.0":
  version: 0.19.0
  resolution: "@esbuild/freebsd-x64@npm:0.19.0"
  conditions: os=freebsd & cpu=x64
  languageName: node
  linkType: hard

"@esbuild/linux-arm64@npm:0.19.0":
  version: 0.19.0
  resolution: "@esbuild/linux-arm64@npm:0.19.0"
  conditions: os=linux & cpu=arm64
  languageName: node
  linkType: hard

"@esbuild/linux-arm@npm:0.19.0":
  version: 0.19.0
  resolution: "@esbuild/linux-arm@npm:0.19.0"
  conditions: os=linux & cpu=arm
  languageName: node
  linkType: hard

"@esbuild/linux-ia32@npm:0.19.0":
  version: 0.19.0
  resolution: "@esbuild/linux-ia32@npm:0.19.0"
  conditions: os=linux & cpu=ia32
  languageName: node
  linkType: hard

"@esbuild/linux-loong64@npm:0.19.0":
  version: 0.19.0
  resolution: "@esbuild/linux-loong64@npm:0.19.0"
  conditions: os=linux & cpu=loong64
  languageName: node
  linkType: hard

"@esbuild/linux-mips64el@npm:0.19.0":
  version: 0.19.0
  resolution: "@esbuild/linux-mips64el@npm:0.19.0"
  conditions: os=linux & cpu=mips64el
  languageName: node
  linkType: hard

"@esbuild/linux-ppc64@npm:0.19.0":
  version: 0.19.0
  resolution: "@esbuild/linux-ppc64@npm:0.19.0"
  conditions: os=linux & cpu=ppc64
  languageName: node
  linkType: hard

"@esbuild/linux-riscv64@npm:0.19.0":
  version: 0.19.0
  resolution: "@esbuild/linux-riscv64@npm:0.19.0"
  conditions: os=linux & cpu=riscv64
  languageName: node
  linkType: hard

"@esbuild/linux-s390x@npm:0.19.0":
  version: 0.19.0
  resolution: "@esbuild/linux-s390x@npm:0.19.0"
  conditions: os=linux & cpu=s390x
  languageName: node
  linkType: hard

"@esbuild/linux-x64@npm:0.19.0":
  version: 0.19.0
  resolution: "@esbuild/linux-x64@npm:0.19.0"
  conditions: os=linux & cpu=x64
  languageName: node
  linkType: hard

"@esbuild/netbsd-x64@npm:0.19.0":
  version: 0.19.0
  resolution: "@esbuild/netbsd-x64@npm:0.19.0"
  conditions: os=netbsd & cpu=x64
  languageName: node
  linkType: hard

"@esbuild/openbsd-x64@npm:0.19.0":
  version: 0.19.0
  resolution: "@esbuild/openbsd-x64@npm:0.19.0"
  conditions: os=openbsd & cpu=x64
  languageName: node
  linkType: hard

"@esbuild/sunos-x64@npm:0.19.0":
  version: 0.19.0
  resolution: "@esbuild/sunos-x64@npm:0.19.0"
  conditions: os=sunos & cpu=x64
  languageName: node
  linkType: hard

"@esbuild/win32-arm64@npm:0.19.0":
  version: 0.19.0
  resolution: "@esbuild/win32-arm64@npm:0.19.0"
  conditions: os=win32 & cpu=arm64
  languageName: node
  linkType: hard

"@esbuild/win32-ia32@npm:0.19.0":
  version: 0.19.0
  resolution: "@esbuild/win32-ia32@npm:0.19.0"
  conditions: os=win32 & cpu=ia32
  languageName: node
  linkType: hard

"@esbuild/win32-x64@npm:0.19.0":
  version: 0.19.0
  resolution: "@esbuild/win32-x64@npm:0.19.0"
  conditions: os=win32 & cpu=x64
  languageName: node
  linkType: hard

"@types/aws-lambda@npm:^8.10.119":
  version: 8.10.119
  resolution: "@types/aws-lambda@npm:8.10.119"
  checksum: 56328bd147fcbcd89da641f7cb0a5cfa1c1e0b0728a1c39769b6b912729737f5d7afc0701b0b0e949ba2b869efd53500e78a2d8733b1eb69c3cc27c06b05623b
  languageName: node
  linkType: hard

"argparse@npm:^1.0.7":
  version: 1.0.10
  resolution: "argparse@npm:1.0.10"
  dependencies:
    sprintf-js: ~1.0.2
  checksum: 7ca6e45583a28de7258e39e13d81e925cfa25d7d4aacbf806a382d3c02fcb13403a07fb8aeef949f10a7cfe4a62da0e2e807b348a5980554cc28ee573ef95945
  languageName: node
  linkType: hard

"available-typed-arrays@npm:^1.0.5":
  version: 1.0.5
  resolution: "available-typed-arrays@npm:1.0.5"
  checksum: 20eb47b3cefd7db027b9bbb993c658abd36d4edd3fe1060e83699a03ee275b0c9b216cc076ff3f2db29073225fb70e7613987af14269ac1fe2a19803ccc97f1a
  languageName: node
  linkType: hard

"aws-lambda@npm:^1.0.7":
  version: 1.0.7
  resolution: "aws-lambda@npm:1.0.7"
  dependencies:
    aws-sdk: ^2.814.0
    commander: ^3.0.2
    js-yaml: ^3.14.1
    watchpack: ^2.0.0-beta.10
  bin:
    lambda: bin/lambda
  checksum: 11316e87b5c4fc36e6bd0495742a3c0ed13befc9527a7b251a58180d141d9afd68b684f37aeb3b53d117d3c2f96747eace31826b683543f1edddc03f392865fd
  languageName: node
  linkType: hard

"aws-sdk@npm:^2.1432.0, aws-sdk@npm:^2.814.0":
  version: 2.1432.0
  resolution: "aws-sdk@npm:2.1432.0"
  dependencies:
    buffer: 4.9.2
    events: 1.1.1
    ieee754: 1.1.13
    jmespath: 0.16.0
    querystring: 0.2.0
    sax: 1.2.1
    url: 0.10.3
    util: ^0.12.4
    uuid: 8.0.0
    xml2js: 0.5.0
  checksum: d536701e28ba4ec69189cb23bd552aaefed6f7520813adfc060ee2b8e2a035069a4e9d8fbf9c054c76c2fb3a824c66311cc374dacdd33c488e0c9c3e33a31d05
  languageName: node
  linkType: hard

"base64-js@npm:^1.0.2":
  version: 1.5.1
  resolution: "base64-js@npm:1.5.1"
  checksum: 669632eb3745404c2f822a18fc3a0122d2f9a7a13f7fb8b5823ee19d1d2ff9ee5b52c53367176ea4ad093c332fd5ab4bd0ebae5a8e27917a4105a4cfc86b1005
  languageName: node
  linkType: hard

"buffer@npm:4.9.2":
  version: 4.9.2
  resolution: "buffer@npm:4.9.2"
  dependencies:
    base64-js: ^1.0.2
    ieee754: ^1.1.4
    isarray: ^1.0.0
  checksum: 8801bc1ba08539f3be70eee307a8b9db3d40f6afbfd3cf623ab7ef41dffff1d0a31de0addbe1e66e0ca5f7193eeb667bfb1ecad3647f8f1b0750de07c13295c3
  languageName: node
  linkType: hard

"call-bind@npm:^1.0.2":
  version: 1.0.2
  resolution: "call-bind@npm:1.0.2"
  dependencies:
    function-bind: ^1.1.1
    get-intrinsic: ^1.0.2
  checksum: f8e31de9d19988a4b80f3e704788c4a2d6b6f3d17cfec4f57dc29ced450c53a49270dc66bf0fbd693329ee948dd33e6c90a329519aef17474a4d961e8d6426b0
  languageName: node
  linkType: hard

"commander@npm:^3.0.2":
  version: 3.0.2
  resolution: "commander@npm:3.0.2"
  checksum: 6d14ad030d1904428139487ed31febcb04c1604db2b8d9fae711f60ee6718828dc0e11602249e91c8a97b0e721e9c6d53edbc166bad3cde1596851d59a8f824d
  languageName: node
  linkType: hard

"esbuild@npm:^0.19.0":
  version: 0.19.0
  resolution: "esbuild@npm:0.19.0"
  dependencies:
    "@esbuild/android-arm": 0.19.0
    "@esbuild/android-arm64": 0.19.0
    "@esbuild/android-x64": 0.19.0
    "@esbuild/darwin-arm64": 0.19.0
    "@esbuild/darwin-x64": 0.19.0
    "@esbuild/freebsd-arm64": 0.19.0
    "@esbuild/freebsd-x64": 0.19.0
    "@esbuild/linux-arm": 0.19.0
    "@esbuild/linux-arm64": 0.19.0
    "@esbuild/linux-ia32": 0.19.0
    "@esbuild/linux-loong64": 0.19.0
    "@esbuild/linux-mips64el": 0.19.0
    "@esbuild/linux-ppc64": 0.19.0
    "@esbuild/linux-riscv64": 0.19.0
    "@esbuild/linux-s390x": 0.19.0
    "@esbuild/linux-x64": 0.19.0
    "@esbuild/netbsd-x64": 0.19.0
    "@esbuild/openbsd-x64": 0.19.0
    "@esbuild/sunos-x64": 0.19.0
    "@esbuild/win32-arm64": 0.19.0
    "@esbuild/win32-ia32": 0.19.0
    "@esbuild/win32-x64": 0.19.0
  dependenciesMeta:
    "@esbuild/android-arm":
      optional: true
    "@esbuild/android-arm64":
      optional: true
    "@esbuild/android-x64":
      optional: true
    "@esbuild/darwin-arm64":
      optional: true
    "@esbuild/darwin-x64":
      optional: true
    "@esbuild/freebsd-arm64":
      optional: true
    "@esbuild/freebsd-x64":
      optional: true
    "@esbuild/linux-arm":
      optional: true
    "@esbuild/linux-arm64":
      optional: true
    "@esbuild/linux-ia32":
      optional: true
    "@esbuild/linux-loong64":
      optional: true
    "@esbuild/linux-mips64el":
      optional: true
    "@esbuild/linux-ppc64":
      optional: true
    "@esbuild/linux-riscv64":
      optional: true
    "@esbuild/linux-s390x":
      optional: true
    "@esbuild/linux-x64":
      optional: true
    "@esbuild/netbsd-x64":
      optional: true
    "@esbuild/openbsd-x64":
      optional: true
    "@esbuild/sunos-x64":
      optional: true
    "@esbuild/win32-arm64":
      optional: true
    "@esbuild/win32-ia32":
      optional: true
    "@esbuild/win32-x64":
      optional: true
  bin:
    esbuild: bin/esbuild
  checksum: 77ef2e57a94d1b88657fb6cd79c3ad6e3161823fd1b615f2ce4b71f163755b85e98cb5b565ed6c38db1f788c52c092b5534caa6800178de99a25de0671f92186
  languageName: node
  linkType: hard

"esprima@npm:^4.0.0":
  version: 4.0.1
  resolution: "esprima@npm:4.0.1"
  bin:
    esparse: ./bin/esparse.js
    esvalidate: ./bin/esvalidate.js
  checksum: b45bc805a613dbea2835278c306b91aff6173c8d034223fa81498c77dcbce3b2931bf6006db816f62eacd9fd4ea975dfd85a5b7f3c6402cfd050d4ca3c13a628
  languageName: node
  linkType: hard

"events@npm:1.1.1":
  version: 1.1.1
  resolution: "events@npm:1.1.1"
  checksum: 40431eb005cc4c57861b93d44c2981a49e7feb99df84cf551baed299ceea4444edf7744733f6a6667e942af687359b1f4a87ec1ec4f21d5127dac48a782039b9
  languageName: node
  linkType: hard

"for-each@npm:^0.3.3":
  version: 0.3.3
  resolution: "for-each@npm:0.3.3"
  dependencies:
    is-callable: ^1.1.3
  checksum: 6c48ff2bc63362319c65e2edca4a8e1e3483a2fabc72fbe7feaf8c73db94fc7861bd53bc02c8a66a0c1dd709da6b04eec42e0abdd6b40ce47305ae92a25e5d28
  languageName: node
  linkType: hard

"function-bind@npm:^1.1.1":
  version: 1.1.1
  resolution: "function-bind@npm:1.1.1"
  checksum: b32fbaebb3f8ec4969f033073b43f5c8befbb58f1a79e12f1d7490358150359ebd92f49e72ff0144f65f2c48ea2a605bff2d07965f548f6474fd8efd95bf361a
  languageName: node
  linkType: hard

"get-intrinsic@npm:^1.0.2, get-intrinsic@npm:^1.1.3":
  version: 1.2.1
  resolution: "get-intrinsic@npm:1.2.1"
  dependencies:
    function-bind: ^1.1.1
    has: ^1.0.3
    has-proto: ^1.0.1
    has-symbols: ^1.0.3
  checksum: 5b61d88552c24b0cf6fa2d1b3bc5459d7306f699de060d76442cce49a4721f52b8c560a33ab392cf5575b7810277d54ded9d4d39a1ea61855619ebc005aa7e5f
  languageName: node
  linkType: hard

"glob-to-regexp@npm:^0.4.1":
  version: 0.4.1
  resolution: "glob-to-regexp@npm:0.4.1"
  checksum: e795f4e8f06d2a15e86f76e4d92751cf8bbfcf0157cea5c2f0f35678a8195a750b34096b1256e436f0cebc1883b5ff0888c47348443e69546a5a87f9e1eb1167
  languageName: node
  linkType: hard

"gopd@npm:^1.0.1":
  version: 1.0.1
  resolution: "gopd@npm:1.0.1"
  dependencies:
    get-intrinsic: ^1.1.3
  checksum: a5ccfb8806e0917a94e0b3de2af2ea4979c1da920bc381667c260e00e7cafdbe844e2cb9c5bcfef4e5412e8bf73bab837285bc35c7ba73aaaf0134d4583393a6
  languageName: node
  linkType: hard

"graceful-fs@npm:^4.1.2":
  version: 4.2.11
  resolution: "graceful-fs@npm:4.2.11"
  checksum: ac85f94da92d8eb6b7f5a8b20ce65e43d66761c55ce85ac96df6865308390da45a8d3f0296dd3a663de65d30ba497bd46c696cc1e248c72b13d6d567138a4fc7
  languageName: node
  linkType: hard

"has-proto@npm:^1.0.1":
  version: 1.0.1
  resolution: "has-proto@npm:1.0.1"
  checksum: febc5b5b531de8022806ad7407935e2135f1cc9e64636c3916c6842bd7995994ca3b29871ecd7954bd35f9e2986c17b3b227880484d22259e2f8e6ce63fd383e
  languageName: node
  linkType: hard

"has-symbols@npm:^1.0.2, has-symbols@npm:^1.0.3":
  version: 1.0.3
  resolution: "has-symbols@npm:1.0.3"
  checksum: a054c40c631c0d5741a8285010a0777ea0c068f99ed43e5d6eb12972da223f8af553a455132fdb0801bdcfa0e0f443c0c03a68d8555aa529b3144b446c3f2410
  languageName: node
  linkType: hard

"has-tostringtag@npm:^1.0.0":
  version: 1.0.0
  resolution: "has-tostringtag@npm:1.0.0"
  dependencies:
    has-symbols: ^1.0.2
  checksum: cc12eb28cb6ae22369ebaad3a8ab0799ed61270991be88f208d508076a1e99abe4198c965935ce85ea90b60c94ddda73693b0920b58e7ead048b4a391b502c1c
  languageName: node
  linkType: hard

"has@npm:^1.0.3":
  version: 1.0.3
  resolution: "has@npm:1.0.3"
  dependencies:
    function-bind: ^1.1.1
  checksum: b9ad53d53be4af90ce5d1c38331e712522417d017d5ef1ebd0507e07c2fbad8686fffb8e12ddecd4c39ca9b9b47431afbb975b8abf7f3c3b82c98e9aad052792
  languageName: node
  linkType: hard

"ieee754@npm:1.1.13":
  version: 1.1.13
  resolution: "ieee754@npm:1.1.13"
  checksum: 102df1ba662e316e6160f7ce29c7c7fa3e04f2014c288336c5a9ff40bbcc2a27d209fa2a81ebfb33f28b1941021343d30e9ad8ee85a2d61f79f5936c35edc33d
  languageName: node
  linkType: hard

"ieee754@npm:^1.1.4":
  version: 1.2.1
  resolution: "ieee754@npm:1.2.1"
  checksum: 5144c0c9815e54ada181d80a0b810221a253562422e7c6c3a60b1901154184f49326ec239d618c416c1c5945a2e197107aee8d986a3dd836b53dffefd99b5e7e
  languageName: node
  linkType: hard

"inherits@npm:^2.0.3":
  version: 2.0.4
  resolution: "inherits@npm:2.0.4"
  checksum: 4a48a733847879d6cf6691860a6b1e3f0f4754176e4d71494c41f3475553768b10f84b5ce1d40fbd0e34e6bfbb864ee35858ad4dd2cf31e02fc4a154b724d7f1
  languageName: node
  linkType: hard

"is-arguments@npm:^1.0.4":
  version: 1.1.1
  resolution: "is-arguments@npm:1.1.1"
  dependencies:
    call-bind: ^1.0.2
    has-tostringtag: ^1.0.0
  checksum: 7f02700ec2171b691ef3e4d0e3e6c0ba408e8434368504bb593d0d7c891c0dbfda6d19d30808b904a6cb1929bca648c061ba438c39f296c2a8ca083229c49f27
  languageName: node
  linkType: hard

"is-callable@npm:^1.1.3":
  version: 1.2.7
  resolution: "is-callable@npm:1.2.7"
  checksum: 61fd57d03b0d984e2ed3720fb1c7a897827ea174bd44402878e059542ea8c4aeedee0ea0985998aa5cc2736b2fa6e271c08587addb5b3959ac52cf665173d1ac
  languageName: node
  linkType: hard

"is-generator-function@npm:^1.0.7":
  version: 1.0.10
  resolution: "is-generator-function@npm:1.0.10"
  dependencies:
    has-tostringtag: ^1.0.0
  checksum: d54644e7dbaccef15ceb1e5d91d680eb5068c9ee9f9eb0a9e04173eb5542c9b51b5ab52c5537f5703e48d5fddfd376817c1ca07a84a407b7115b769d4bdde72b
  languageName: node
  linkType: hard

"is-typed-array@npm:^1.1.3":
  version: 1.1.12
  resolution: "is-typed-array@npm:1.1.12"
  dependencies:
    which-typed-array: ^1.1.11
  checksum: 4c89c4a3be07186caddadf92197b17fda663a9d259ea0d44a85f171558270d36059d1c386d34a12cba22dfade5aba497ce22778e866adc9406098c8fc4771796
  languageName: node
  linkType: hard

"isarray@npm:^1.0.0":
  version: 1.0.0
  resolution: "isarray@npm:1.0.0"
  checksum: f032df8e02dce8ec565cf2eb605ea939bdccea528dbcf565cdf92bfa2da9110461159d86a537388ef1acef8815a330642d7885b29010e8f7eac967c9993b65ab
  languageName: node
  linkType: hard

"jmespath@npm:0.16.0":
  version: 0.16.0
  resolution: "jmespath@npm:0.16.0"
  checksum: 2d602493a1e4addfd1350ac8c9d54b1b03ed09e305fd863bab84a4ee1f52868cf939dd1a08c5cdea29ce9ba8f86875ebb458b6ed45dab3e1c3f2694503fb2fd9
  languageName: node
  linkType: hard

"js-yaml@npm:^3.14.1":
  version: 3.14.1
  resolution: "js-yaml@npm:3.14.1"
  dependencies:
    argparse: ^1.0.7
    esprima: ^4.0.0
  bin:
    js-yaml: bin/js-yaml.js
  checksum: bef146085f472d44dee30ec34e5cf36bf89164f5d585435a3d3da89e52622dff0b188a580e4ad091c3341889e14cb88cac6e4deb16dc5b1e9623bb0601fc255c
  languageName: node
  linkType: hard

"national-delivery-fulfilment@workspace:.":
  version: 0.0.0-use.local
  resolution: "national-delivery-fulfilment@workspace:."
  dependencies:
    "@types/aws-lambda": ^8.10.119
    aws-lambda: ^1.0.7
    aws-sdk: ^2.1432.0
    esbuild: ^0.19.0
  languageName: unknown
  linkType: soft

"punycode@npm:1.3.2":
  version: 1.3.2
  resolution: "punycode@npm:1.3.2"
  checksum: b8807fd594b1db33335692d1f03e8beeddde6fda7fbb4a2e32925d88d20a3aa4cd8dcc0c109ccaccbd2ba761c208dfaaada83007087ea8bfb0129c9ef1b99ed6
  languageName: node
  linkType: hard

"querystring@npm:0.2.0":
  version: 0.2.0
  resolution: "querystring@npm:0.2.0"
  checksum: 8258d6734f19be27e93f601758858c299bdebe71147909e367101ba459b95446fbe5b975bf9beb76390156a592b6f4ac3a68b6087cea165c259705b8b4e56a69
  languageName: node
  linkType: hard

"sax@npm:1.2.1":
  version: 1.2.1
  resolution: "sax@npm:1.2.1"
  checksum: 8dca7d5e1cd7d612f98ac50bdf0b9f63fbc964b85f0c4e2eb271f8b9b47fd3bf344c4d6a592e69ecf726d1485ca62cd8a52e603bbc332d18a66af25a9a1045ad
  languageName: node
  linkType: hard

"sax@npm:>=0.6.0":
  version: 1.2.4
  resolution: "sax@npm:1.2.4"
  checksum: d3df7d32b897a2c2f28e941f732c71ba90e27c24f62ee918bd4d9a8cfb3553f2f81e5493c7f0be94a11c1911b643a9108f231dd6f60df3fa9586b5d2e3e9e1fe
  languageName: node
  linkType: hard

"sprintf-js@npm:~1.0.2":
  version: 1.0.3
  resolution: "sprintf-js@npm:1.0.3"
  checksum: 19d79aec211f09b99ec3099b5b2ae2f6e9cdefe50bc91ac4c69144b6d3928a640bb6ae5b3def70c2e85a2c3d9f5ec2719921e3a59d3ca3ef4b2fd1a4656a0df3
  languageName: node
  linkType: hard

"url@npm:0.10.3":
  version: 0.10.3
  resolution: "url@npm:0.10.3"
  dependencies:
    punycode: 1.3.2
    querystring: 0.2.0
  checksum: 7b83ddb106c27bf9bde8629ccbe8d26e9db789c8cda5aa7db72ca2c6f9b8a88a5adf206f3e10db78e6e2d042b327c45db34c7010c1bf0d9908936a17a2b57d05
  languageName: node
  linkType: hard

"util@npm:^0.12.4":
  version: 0.12.5
  resolution: "util@npm:0.12.5"
  dependencies:
    inherits: ^2.0.3
    is-arguments: ^1.0.4
    is-generator-function: ^1.0.7
    is-typed-array: ^1.1.3
    which-typed-array: ^1.1.2
  checksum: 705e51f0de5b446f4edec10739752ac25856541e0254ea1e7e45e5b9f9b0cb105bc4bd415736a6210edc68245a7f903bf085ffb08dd7deb8a0e847f60538a38a
  languageName: node
  linkType: hard

"uuid@npm:8.0.0":
  version: 8.0.0
  resolution: "uuid@npm:8.0.0"
  bin:
    uuid: dist/bin/uuid
  checksum: 56d4e23aa7ac26fa2db6bd1778db34cb8c9f5a10df1770a27167874bf6705fc8f14a4ac414af58a0d96c7653b2bd4848510b29d1c2ef8c91ccb17429c1872b5e
  languageName: node
  linkType: hard

"watchpack@npm:^2.0.0-beta.10":
  version: 2.4.0
  resolution: "watchpack@npm:2.4.0"
  dependencies:
    glob-to-regexp: ^0.4.1
    graceful-fs: ^4.1.2
  checksum: 23d4bc58634dbe13b86093e01c6a68d8096028b664ab7139d58f0c37d962d549a940e98f2f201cecdabd6f9c340338dc73ef8bf094a2249ef582f35183d1a131
  languageName: node
  linkType: hard

"which-typed-array@npm:^1.1.11, which-typed-array@npm:^1.1.2":
  version: 1.1.11
  resolution: "which-typed-array@npm:1.1.11"
  dependencies:
    available-typed-arrays: ^1.0.5
    call-bind: ^1.0.2
    for-each: ^0.3.3
    gopd: ^1.0.1
    has-tostringtag: ^1.0.0
  checksum: 711ffc8ef891ca6597b19539075ec3e08bb9b4c2ca1f78887e3c07a977ab91ac1421940505a197758fb5939aa9524976d0a5bbcac34d07ed6faa75cedbb17206
  languageName: node
  linkType: hard

"xml2js@npm:0.5.0":
  version: 0.5.0
  resolution: "xml2js@npm:0.5.0"
  dependencies:
    sax: ">=0.6.0"
    xmlbuilder: ~11.0.0
  checksum: 1aa71d62e5bc2d89138e3929b9ea46459157727759cbc62ef99484b778641c0cd21fb637696c052d901a22f82d092a3e740a16b4ce218e81ac59b933535124ea
  languageName: node
  linkType: hard

"xmlbuilder@npm:~11.0.0":
  version: 11.0.1
  resolution: "xmlbuilder@npm:11.0.1"
  checksum: 7152695e16f1a9976658215abab27e55d08b1b97bca901d58b048d2b6e106b5af31efccbdecf9b07af37c8377d8e7e821b494af10b3a68b0ff4ae60331b415b0
  languageName: node
  linkType: hard
