# THIS IS AN AUTOGENERATED FILE. DO NOT EDIT THIS FILE DIRECTLY.
# yarn lockfile v1


"@esbuild/android-arm64@0.19.0":
  version "0.19.0"
  resolved "https://registry.yarnpkg.com/@esbuild/android-arm64/-/android-arm64-0.19.0.tgz#c5ea635bdbe9b83d1f78a711120814e716439029"
  integrity sha512-AzsozJnB+RNaDncBCs3Ys5g3kqhPFUueItfEaCpp89JH2naFNX2mYDIvUgPYMqqjm8hiFoo+jklb3QHZyR3ubw==

"@esbuild/android-arm@0.19.0":
  version "0.19.0"
  resolved "https://registry.yarnpkg.com/@esbuild/android-arm/-/android-arm-0.19.0.tgz#6eb6e1fbc0dbfafa035aaef8b5ecde25b539fcf9"
  integrity sha512-GAkjUyHgWTYuex3evPd5V7uV/XS4LMKr1PWHRPW1xNyy/Jx08x3uTrDFRefBYLKT/KpaWM8/YMQcwbp5a3yIDA==

"@esbuild/android-x64@0.19.0":
  version "0.19.0"
  resolved "https://registry.yarnpkg.com/@esbuild/android-x64/-/android-x64-0.19.0.tgz#99f154f71f5b92e778468bcf0f425d166c17bf20"
  integrity sha512-SUG8/qiVhljBDpdkHQ9DvOWbp7hFFIP0OzxOTptbmVsgBgzY6JWowmMd6yJuOhapfxmj/DrvwKmjRLvVSIAKZg==

"@esbuild/darwin-arm64@0.19.0":
  version "0.19.0"
  resolved "https://registry.yarnpkg.com/@esbuild/darwin-arm64/-/darwin-arm64-0.19.0.tgz#2fcc11abf95fbabbf9167db6a11d899385bd777b"
  integrity sha512-HkxZ8k3Jvcw0FORPNTavA8BMgQjLOB6AajT+iXmil7BwY3gU1hWvJJAyWyEogCmA4LdbGvKF8vEykdmJ4xNJJQ==

"@esbuild/darwin-x64@0.19.0":
  version "0.19.0"
  resolved "https://registry.yarnpkg.com/@esbuild/darwin-x64/-/darwin-x64-0.19.0.tgz#b5bbde35468db093fdf994880b0eb4b62613b67c"
  integrity sha512-9IRWJjqpWFHM9a5Qs3r3bK834NCFuDY5ZaLrmTjqE+10B6w65UMQzeZjh794JcxpHolsAHqwsN/33crUXNCM2Q==

"@esbuild/freebsd-arm64@0.19.0":
  version "0.19.0"
  resolved "https://registry.yarnpkg.com/@esbuild/freebsd-arm64/-/freebsd-arm64-0.19.0.tgz#3f64c76dc590f79cc40acef6b22dd5eb89fc2125"
  integrity sha512-s7i2WcXcK0V1PJHVBe7NsGddsL62a9Vhpz2U7zapPrwKoFuxPP9jybwX8SXnropR/AOj3ppt2ern4ItblU6UQQ==

"@esbuild/freebsd-x64@0.19.0":
  version "0.19.0"
  resolved "https://registry.yarnpkg.com/@esbuild/freebsd-x64/-/freebsd-x64-0.19.0.tgz#14d497e9e858fba2bb9b16130602b7f5944bc09c"
  integrity sha512-NMdBSSdgwHCqCsucU5k1xflIIRU0qi1QZnM6+vdGy5fvxm1c8rKh50VzsWsIVTFUG3l91AtRxVwoz3Lcvy3I5w==

"@esbuild/linux-arm64@0.19.0":
  version "0.19.0"
  resolved "https://registry.yarnpkg.com/@esbuild/linux-arm64/-/linux-arm64-0.19.0.tgz#0f2f4d8889f7dc89681c306d7312aa76445a5f65"
  integrity sha512-I4zvE2srSZxRPapFnNqj+NL3sDJ1wkvEZqt903OZUlBBgigrQMvzUowvP/TTTu2OGYe1oweg5MFilfyrElIFag==

"@esbuild/linux-arm@0.19.0":
  version "0.19.0"
  resolved "https://registry.yarnpkg.com/@esbuild/linux-arm/-/linux-arm-0.19.0.tgz#0b0f79dc72884f0ad02c0aabfc969a0bee7f6775"
  integrity sha512-2F1+lH7ZBcCcgxiSs8EXQV0PPJJdTNiNcXxDb61vzxTRJJkXX1I/ye9mAhfHyScXzHaEibEXg1Jq9SW586zz7w==

"@esbuild/linux-ia32@0.19.0":
  version "0.19.0"
  resolved "https://registry.yarnpkg.com/@esbuild/linux-ia32/-/linux-ia32-0.19.0.tgz#dfcece1f5e74d0e7db090475e48b28d9aa270687"
  integrity sha512-dz2Q7+P92r1Evc8kEN+cQnB3qqPjmCrOZ+EdBTn8lEc1yN8WDgaDORQQiX+mxaijbH8npXBT9GxUqE52Gt6Y+g==

"@esbuild/linux-loong64@0.19.0":
  version "0.19.0"
  resolved "https://registry.yarnpkg.com/@esbuild/linux-loong64/-/linux-loong64-0.19.0.tgz#710f5bd55db3f5d9ebac8773ea49795261a35ca7"
  integrity sha512-IcVJovJVflih4oFahhUw+N7YgNbuMSVFNr38awb0LNzfaiIfdqIh518nOfYaNQU3aVfiJnOIRVJDSAP4k35WxA==

"@esbuild/linux-mips64el@0.19.0":
  version "0.19.0"
  resolved "https://registry.yarnpkg.com/@esbuild/linux-mips64el/-/linux-mips64el-0.19.0.tgz#a918b310f9bf31fced3853ca52fee6e7acc09824"
  integrity sha512-bZGRAGySMquWsKw0gIdsClwfvgbsSq/7oq5KVu1H1r9Il+WzOcfkV1hguntIuBjRVL8agI95i4AukjdAV2YpUw==

"@esbuild/linux-ppc64@0.19.0":
  version "0.19.0"
  resolved "https://registry.yarnpkg.com/@esbuild/linux-ppc64/-/linux-ppc64-0.19.0.tgz#104771ef6ce2719ac17031f6b9ed8aa98f8e5faf"
  integrity sha512-3LC6H5/gCDorxoRBUdpLV/m7UthYSdar0XcCu+ypycQxMS08MabZ06y1D1yZlDzL/BvOYliRNRWVG/YJJvQdbg==

"@esbuild/linux-riscv64@0.19.0":
  version "0.19.0"
  resolved "https://registry.yarnpkg.com/@esbuild/linux-riscv64/-/linux-riscv64-0.19.0.tgz#83beafa472ad4224adcd4d7469e3a17ba1fbd976"
  integrity sha512-jfvdKjWk+Cp2sgLtEEdSHXO7qckrw2B2eFBaoRdmfhThqZs29GMMg7q/LsQpybA7BxCLLEs4di5ucsWzZC5XPA==

"@esbuild/linux-s390x@0.19.0":
  version "0.19.0"
  resolved "https://registry.yarnpkg.com/@esbuild/linux-s390x/-/linux-s390x-0.19.0.tgz#edc26cb41d8745716bda9c26bac1f0001eaad029"
  integrity sha512-ofcucfNLkoXmcnJaw9ugdEOf40AWKGt09WBFCkpor+vFJVvmk/8OPjl/qRtks2Z7BuZbG3ztJuK1zS9z5Cgx9A==

"@esbuild/linux-x64@0.19.0":
  version "0.19.0"
  resolved "https://registry.yarnpkg.com/@esbuild/linux-x64/-/linux-x64-0.19.0.tgz#80a6b5e55ad454e0c0af5bdb267335287e331007"
  integrity sha512-Fpf7zNDBti3xrQKQKLdXT0hTyOxgFdRJIMtNy8x1az9ATR9/GJ1brYbB/GLWoXhKiHsoWs+2DLkFVNNMTCLEwA==

"@esbuild/netbsd-x64@0.19.0":
  version "0.19.0"
  resolved "https://registry.yarnpkg.com/@esbuild/netbsd-x64/-/netbsd-x64-0.19.0.tgz#2e6e8d869b58aea34bab9c0c47f15ae1bda29a90"
  integrity sha512-AMQAp/5oENgDOvVhvOlbhVe1pWii7oFAMRHlmTjSEMcpjTpIHtFXhv9uAFgUERHm3eYtNvS9Vf+gT55cwuI6Aw==

"@esbuild/openbsd-x64@0.19.0":
  version "0.19.0"
  resolved "https://registry.yarnpkg.com/@esbuild/openbsd-x64/-/openbsd-x64-0.19.0.tgz#ca0817d3ab332afb0d8d96a2eb42b4d8ebaa8715"
  integrity sha512-fDztEve1QUs3h/Dw2AUmBlWGkNQbhDoD05ppm5jKvzQv+HVuV13so7m5RYeiSMIC2XQy7PAjZh+afkxAnCRZxA==

"@esbuild/sunos-x64@0.19.0":
  version "0.19.0"
  resolved "https://registry.yarnpkg.com/@esbuild/sunos-x64/-/sunos-x64-0.19.0.tgz#8de27de2563cb3eb6c1af066b6d7fcb1229fe3d4"
  integrity sha512-bKZzJ2/rvUjDzA5Ddyva2tMk89WzNJEibZEaq+wY6SiqPlwgFbqyQLimouxLHiHh1itb5P3SNCIF1bc2bw5H9w==

"@esbuild/win32-arm64@0.19.0":
  version "0.19.0"
  resolved "https://registry.yarnpkg.com/@esbuild/win32-arm64/-/win32-arm64-0.19.0.tgz#67c2b410ff8862be2cd61145ad21e11be00fb914"
  integrity sha512-NQJ+4jmnA79saI+sE+QzcEls19uZkoEmdxo7r//PDOjIpX8pmoWtTnWg6XcbnO7o4fieyAwb5U2LvgWynF4diA==

"@esbuild/win32-ia32@0.19.0":
  version "0.19.0"
  resolved "https://registry.yarnpkg.com/@esbuild/win32-ia32/-/win32-ia32-0.19.0.tgz#cac8992219c6d943bb22226e4afeb3774a29cca1"
  integrity sha512-uyxiZAnsfu9diHm9/rIH2soecF/HWLXYUhJKW4q1+/LLmNQ+55lRjvSUDhUmsgJtSUscRJB/3S4RNiTb9o9mCg==

"@esbuild/win32-x64@0.19.0":
  version "0.19.0"
  resolved "https://registry.yarnpkg.com/@esbuild/win32-x64/-/win32-x64-0.19.0.tgz#fa5f12c96811cec3233a53bdbf61d1a05ba9018f"
  integrity sha512-jl+NXUjK2StMgqnZnqgNjZuerFG8zQqWXMBZdMMv4W/aO1ZKQaYWZBxTrtWKphkCBVEMh0wMVfGgOd2BjOZqUQ==

"@types/aws-lambda@^8.10.119":
  version "8.10.119"
  resolved "https://registry.yarnpkg.com/@types/aws-lambda/-/aws-lambda-8.10.119.tgz#aaf010a9c892b3e29a290e5c49bfe8bcec82c455"
  integrity sha512-Vqm22aZrCvCd6I5g1SvpW151jfqwTzEZ7XJ3yZ6xaZG31nUEOEyzzVImjRcsN8Wi/QyPxId/x8GTtgIbsy8kEw==

argparse@^1.0.7:
  version "1.0.10"
  resolved "https://registry.yarnpkg.com/argparse/-/argparse-1.0.10.tgz#bcd6791ea5ae09725e17e5ad988134cd40b3d911"
  integrity sha512-o5Roy6tNG4SL/FOkCAN6RzjiakZS25RLYFrcMttJqbdd8BWrnA+fGz57iN5Pb06pvBGvl5gQ0B48dJlslXvoTg==
  dependencies:
    sprintf-js "~1.0.2"

available-typed-arrays@^1.0.5:
  version "1.0.5"
  resolved "https://registry.yarnpkg.com/available-typed-arrays/-/available-typed-arrays-1.0.5.tgz#92f95616501069d07d10edb2fc37d3e1c65123b7"
  integrity sha512-DMD0KiN46eipeziST1LPP/STfDU0sufISXmjSgvVsoU2tqxctQeASejWcfNtxYKqETM1UxQ8sp2OrSBWpHY6sw==

aws-lambda@^1.0.7:
  version "1.0.7"
  resolved "https://registry.yarnpkg.com/aws-lambda/-/aws-lambda-1.0.7.tgz#c6b674df47458b5ecd43ab734899ad2e2d457013"
  integrity sha512-9GNFMRrEMG5y3Jvv+V4azWvc+qNWdWLTjDdhf/zgMlz8haaaLWv0xeAIWxz9PuWUBawsVxy0zZotjCdR3Xq+2w==
  dependencies:
    aws-sdk "^2.814.0"
    commander "^3.0.2"
    js-yaml "^3.14.1"
    watchpack "^2.0.0-beta.10"

aws-sdk@^2.1432.0, aws-sdk@^2.814.0:
  version "2.1432.0"
  resolved "https://registry.yarnpkg.com/aws-sdk/-/aws-sdk-2.1432.0.tgz#f33981d7299b55cc79421901634aeb8d2ce16820"
  integrity sha512-bnPilJ0YkFOHGL2yYSnpd/oMnsDicGQKmE479vDn/AVcKhRswcg893DTqxrkkuuylEIcIIPPHBqX+IlwNv1zqw==
  dependencies:
    buffer "4.9.2"
    events "1.1.1"
    ieee754 "1.1.13"
    jmespath "0.16.0"
    querystring "0.2.0"
    sax "1.2.1"
    url "0.10.3"
    util "^0.12.4"
    uuid "8.0.0"
    xml2js "0.5.0"

base64-js@^1.0.2:
  version "1.5.1"
  resolved "https://registry.yarnpkg.com/base64-js/-/base64-js-1.5.1.tgz#1b1b440160a5bf7ad40b650f095963481903930a"
  integrity sha512-AKpaYlHn8t4SVbOHCy+b5+KKgvR4vrsD8vbvrbiQJps7fKDTkjkDry6ji0rUJjC0kzbNePLwzxq8iypo41qeWA==

buffer@4.9.2:
  version "4.9.2"
  resolved "https://registry.yarnpkg.com/buffer/-/buffer-4.9.2.tgz#230ead344002988644841ab0244af8c44bbe3ef8"
  integrity sha512-xq+q3SRMOxGivLhBNaUdC64hDTQwejJ+H0T/NB1XMtTVEwNTrfFF3gAxiyW0Bu/xWEGhjVKgUcMhCrUy2+uCWg==
  dependencies:
    base64-js "^1.0.2"
    ieee754 "^1.1.4"
    isarray "^1.0.0"

call-bind@^1.0.2:
  version "1.0.2"
  resolved "https://registry.yarnpkg.com/call-bind/-/call-bind-1.0.2.tgz#b1d4e89e688119c3c9a903ad30abb2f6a919be3c"
  integrity sha512-7O+FbCihrB5WGbFYesctwmTKae6rOiIzmz1icreWJ+0aA7LJfuqhEso2T9ncpcFtzMQtzXf2QGGueWJGTYsqrA==
  dependencies:
    function-bind "^1.1.1"
    get-intrinsic "^1.0.2"

commander@^3.0.2:
  version "3.0.2"
  resolved "https://registry.yarnpkg.com/commander/-/commander-3.0.2.tgz#6837c3fb677ad9933d1cfba42dd14d5117d6b39e"
  integrity sha512-Gar0ASD4BDyKC4hl4DwHqDrmvjoxWKZigVnAbn5H1owvm4CxCPdb0HQDehwNYMJpla5+M2tPmPARzhtYuwpHow==

esbuild@^0.19.0:
  version "0.19.0"
  resolved "https://registry.yarnpkg.com/esbuild/-/esbuild-0.19.0.tgz#f187e4ce3bcc7396d13f408a991655efeba65282"
  integrity sha512-i7i8TP4vuG55bKeLyqqk5sTPu1ZjPH3wkcLvAj/0X/222iWFo3AJUYRKjbOoY6BWFMH3teizxHEdV9Su5ESl0w==
  optionalDependencies:
    "@esbuild/android-arm" "0.19.0"
    "@esbuild/android-arm64" "0.19.0"
    "@esbuild/android-x64" "0.19.0"
    "@esbuild/darwin-arm64" "0.19.0"
    "@esbuild/darwin-x64" "0.19.0"
    "@esbuild/freebsd-arm64" "0.19.0"
    "@esbuild/freebsd-x64" "0.19.0"
    "@esbuild/linux-arm" "0.19.0"
    "@esbuild/linux-arm64" "0.19.0"
    "@esbuild/linux-ia32" "0.19.0"
    "@esbuild/linux-loong64" "0.19.0"
    "@esbuild/linux-mips64el" "0.19.0"
    "@esbuild/linux-ppc64" "0.19.0"
    "@esbuild/linux-riscv64" "0.19.0"
    "@esbuild/linux-s390x" "0.19.0"
    "@esbuild/linux-x64" "0.19.0"
    "@esbuild/netbsd-x64" "0.19.0"
    "@esbuild/openbsd-x64" "0.19.0"
    "@esbuild/sunos-x64" "0.19.0"
    "@esbuild/win32-arm64" "0.19.0"
    "@esbuild/win32-ia32" "0.19.0"
    "@esbuild/win32-x64" "0.19.0"

esprima@^4.0.0:
  version "4.0.1"
  resolved "https://registry.yarnpkg.com/esprima/-/esprima-4.0.1.tgz#13b04cdb3e6c5d19df91ab6987a8695619b0aa71"
  integrity sha512-eGuFFw7Upda+g4p+QHvnW0RyTX/SVeJBDM/gCtMARO0cLuT2HcEKnTPvhjV6aGeqrCB/sbNop0Kszm0jsaWU4A==

events@1.1.1:
  version "1.1.1"
  resolved "https://registry.yarnpkg.com/events/-/events-1.1.1.tgz#9ebdb7635ad099c70dcc4c2a1f5004288e8bd924"
  integrity sha512-kEcvvCBByWXGnZy6JUlgAp2gBIUjfCAV6P6TgT1/aaQKcmuAEC4OZTV1I4EWQLz2gxZw76atuVyvHhTxvi0Flw==

for-each@^0.3.3:
  version "0.3.3"
  resolved "https://registry.yarnpkg.com/for-each/-/for-each-0.3.3.tgz#69b447e88a0a5d32c3e7084f3f1710034b21376e"
  integrity sha512-jqYfLp7mo9vIyQf8ykW2v7A+2N4QjeCeI5+Dz9XraiO1ign81wjiH7Fb9vSOWvQfNtmSa4H2RoQTrrXivdUZmw==
  dependencies:
    is-callable "^1.1.3"

function-bind@^1.1.1:
  version "1.1.1"
  resolved "https://registry.yarnpkg.com/function-bind/-/function-bind-1.1.1.tgz#a56899d3ea3c9bab874bb9773b7c5ede92f4895d"
  integrity sha512-yIovAzMX49sF8Yl58fSCWJ5svSLuaibPxXQJFLmBObTuCr0Mf1KiPopGM9NiFjiYBCbfaa2Fh6breQ6ANVTI0A==

get-intrinsic@^1.0.2, get-intrinsic@^1.1.3:
  version "1.2.1"
  resolved "https://registry.yarnpkg.com/get-intrinsic/-/get-intrinsic-1.2.1.tgz#d295644fed4505fc9cde952c37ee12b477a83d82"
  integrity sha512-2DcsyfABl+gVHEfCOaTrWgyt+tb6MSEGmKq+kI5HwLbIYgjgmMcV8KQ41uaKz1xxUcn9tJtgFbQUEVcEbd0FYw==
  dependencies:
    function-bind "^1.1.1"
    has "^1.0.3"
    has-proto "^1.0.1"
    has-symbols "^1.0.3"

glob-to-regexp@^0.4.1:
  version "0.4.1"
  resolved "https://registry.yarnpkg.com/glob-to-regexp/-/glob-to-regexp-0.4.1.tgz#c75297087c851b9a578bd217dd59a92f59fe546e"
  integrity sha512-lkX1HJXwyMcprw/5YUZc2s7DrpAiHB21/V+E1rHUrVNokkvB6bqMzT0VfV6/86ZNabt1k14YOIaT7nDvOX3Iiw==

gopd@^1.0.1:
  version "1.0.1"
  resolved "https://registry.yarnpkg.com/gopd/-/gopd-1.0.1.tgz#29ff76de69dac7489b7c0918a5788e56477c332c"
  integrity sha512-d65bNlIadxvpb/A2abVdlqKqV563juRnZ1Wtk6s1sIR8uNsXR70xqIzVqxVf1eTqDunwT2MkczEeaezCKTZhwA==
  dependencies:
    get-intrinsic "^1.1.3"

graceful-fs@^4.1.2:
  version "4.2.11"
  resolved "https://registry.yarnpkg.com/graceful-fs/-/graceful-fs-4.2.11.tgz#4183e4e8bf08bb6e05bbb2f7d2e0c8f712ca40e3"
  integrity sha512-RbJ5/jmFcNNCcDV5o9eTnBLJ/HszWV0P73bc+Ff4nS/rJj+YaS6IGyiOL0VoBYX+l1Wrl3k63h/KrH+nhJ0XvQ==

has-proto@^1.0.1:
  version "1.0.1"
  resolved "https://registry.yarnpkg.com/has-proto/-/has-proto-1.0.1.tgz#1885c1305538958aff469fef37937c22795408e0"
  integrity sha512-7qE+iP+O+bgF9clE5+UoBFzE65mlBiVj3tKCrlNQ0Ogwm0BjpT/gK4SlLYDMybDh5I3TCTKnPPa0oMG7JDYrhg==

has-symbols@^1.0.2, has-symbols@^1.0.3:
  version "1.0.3"
  resolved "https://registry.yarnpkg.com/has-symbols/-/has-symbols-1.0.3.tgz#bb7b2c4349251dce87b125f7bdf874aa7c8b39f8"
  integrity sha512-l3LCuF6MgDNwTDKkdYGEihYjt5pRPbEg46rtlmnSPlUbgmB8LOIrKJbYYFBSbnPaJexMKtiPO8hmeRjRz2Td+A==

has-tostringtag@^1.0.0:
  version "1.0.0"
  resolved "https://registry.yarnpkg.com/has-tostringtag/-/has-tostringtag-1.0.0.tgz#7e133818a7d394734f941e73c3d3f9291e658b25"
  integrity sha512-kFjcSNhnlGV1kyoGk7OXKSawH5JOb/LzUc5w9B02hOTO0dfFRjbHQKvg1d6cf3HbeUmtU9VbbV3qzZ2Teh97WQ==
  dependencies:
    has-symbols "^1.0.2"

has@^1.0.3:
  version "1.0.3"
  resolved "https://registry.yarnpkg.com/has/-/has-1.0.3.tgz#722d7cbfc1f6aa8241f16dd814e011e1f41e8796"
  integrity sha512-f2dvO0VU6Oej7RkWJGrehjbzMAjFp5/VKPp5tTpWIV4JHHZK1/BxbFRtf/siA2SWTe09caDmVtYYzWEIbBS4zw==
  dependencies:
    function-bind "^1.1.1"

ieee754@1.1.13:
  version "1.1.13"
  resolved "https://registry.yarnpkg.com/ieee754/-/ieee754-1.1.13.tgz#ec168558e95aa181fd87d37f55c32bbcb6708b84"
  integrity sha512-4vf7I2LYV/HaWerSo3XmlMkp5eZ83i+/CDluXi/IGTs/O1sejBNhTtnxzmRZfvOUqj7lZjqHkeTvpgSFDlWZTg==

ieee754@^1.1.4:
  version "1.2.1"
  resolved "https://registry.yarnpkg.com/ieee754/-/ieee754-1.2.1.tgz#8eb7a10a63fff25d15a57b001586d177d1b0d352"
  integrity sha512-dcyqhDvX1C46lXZcVqCpK+FtMRQVdIMN6/Df5js2zouUsqG7I6sFxitIC+7KYK29KdXOLHdu9zL4sFnoVQnqaA==

inherits@^2.0.3:
  version "2.0.4"
  resolved "https://registry.yarnpkg.com/inherits/-/inherits-2.0.4.tgz#0fa2c64f932917c3433a0ded55363aae37416b7c"
  integrity sha512-k/vGaX4/Yla3WzyMCvTQOXYeIHvqOKtnqBduzTHpzpQZzAskKMhZ2K+EnBiSM9zGSoIFeMpXKxa4dYeZIQqewQ==

is-arguments@^1.0.4:
  version "1.1.1"
  resolved "https://registry.yarnpkg.com/is-arguments/-/is-arguments-1.1.1.tgz#15b3f88fda01f2a97fec84ca761a560f123efa9b"
  integrity sha512-8Q7EARjzEnKpt/PCD7e1cgUS0a6X8u5tdSiMqXhojOdoV9TsMsiO+9VLC5vAmO8N7/GmXn7yjR8qnA6bVAEzfA==
  dependencies:
    call-bind "^1.0.2"
    has-tostringtag "^1.0.0"

is-callable@^1.1.3:
  version "1.2.7"
  resolved "https://registry.yarnpkg.com/is-callable/-/is-callable-1.2.7.tgz#3bc2a85ea742d9e36205dcacdd72ca1fdc51b055"
  integrity sha512-1BC0BVFhS/p0qtw6enp8e+8OD0UrK0oFLztSjNzhcKA3WDuJxxAPXzPuPtKkjEY9UUoEWlX/8fgKeu2S8i9JTA==

is-generator-function@^1.0.7:
  version "1.0.10"
  resolved "https://registry.yarnpkg.com/is-generator-function/-/is-generator-function-1.0.10.tgz#f1558baf1ac17e0deea7c0415c438351ff2b3c72"
  integrity sha512-jsEjy9l3yiXEQ+PsXdmBwEPcOxaXWLspKdplFUVI9vq1iZgIekeC0L167qeu86czQaxed3q/Uzuw0swL0irL8A==
  dependencies:
    has-tostringtag "^1.0.0"

is-typed-array@^1.1.3:
  version "1.1.12"
  resolved "https://registry.yarnpkg.com/is-typed-array/-/is-typed-array-1.1.12.tgz#d0bab5686ef4a76f7a73097b95470ab199c57d4a"
  integrity sha512-Z14TF2JNG8Lss5/HMqt0//T9JeHXttXy5pH/DBU4vi98ozO2btxzq9MwYDZYnKwU8nRsz/+GVFVRDq3DkVuSPg==
  dependencies:
    which-typed-array "^1.1.11"

isarray@^1.0.0:
  version "1.0.0"
  resolved "https://registry.yarnpkg.com/isarray/-/isarray-1.0.0.tgz#bb935d48582cba168c06834957a54a3e07124f11"
  integrity sha512-VLghIWNM6ELQzo7zwmcg0NmTVyWKYjvIeM83yjp0wRDTmUnrM678fQbcKBo6n2CJEF0szoG//ytg+TKla89ALQ==

jmespath@0.16.0:
  version "0.16.0"
  resolved "https://registry.yarnpkg.com/jmespath/-/jmespath-0.16.0.tgz#b15b0a85dfd4d930d43e69ed605943c802785076"
  integrity sha512-9FzQjJ7MATs1tSpnco1K6ayiYE3figslrXA72G2HQ/n76RzvYlofyi5QM+iX4YRs/pu3yzxlVQSST23+dMDknw==

js-yaml@^3.14.1:
  version "3.14.1"
  resolved "https://registry.yarnpkg.com/js-yaml/-/js-yaml-3.14.1.tgz#dae812fdb3825fa306609a8717383c50c36a0537"
  integrity sha512-okMH7OXXJ7YrN9Ok3/SXrnu4iX9yOk+25nqX4imS2npuvTYDmo/QEZoqwZkYaIDk3jVvBOTOIEgEhaLOynBS9g==
  dependencies:
    argparse "^1.0.7"
    esprima "^4.0.0"

punycode@1.3.2:
  version "1.3.2"
  resolved "https://registry.yarnpkg.com/punycode/-/punycode-1.3.2.tgz#9653a036fb7c1ee42342f2325cceefea3926c48d"
  integrity sha512-RofWgt/7fL5wP1Y7fxE7/EmTLzQVnB0ycyibJ0OOHIlJqTNzglYFxVwETOcIoJqJmpDXJ9xImDv+Fq34F/d4Dw==

querystring@0.2.0:
  version "0.2.0"
  resolved "https://registry.yarnpkg.com/querystring/-/querystring-0.2.0.tgz#b209849203bb25df820da756e747005878521620"
  integrity sha512-X/xY82scca2tau62i9mDyU9K+I+djTMUsvwf7xnUX5GLvVzgJybOJf4Y6o9Zx3oJK/LSXg5tTZBjwzqVPaPO2g==

sax@1.2.1:
  version "1.2.1"
  resolved "https://registry.yarnpkg.com/sax/-/sax-1.2.1.tgz#7b8e656190b228e81a66aea748480d828cd2d37a"
  integrity sha512-8I2a3LovHTOpm7NV5yOyO8IHqgVsfK4+UuySrXU8YXkSRX7k6hCV9b3HrkKCr3nMpgj+0bmocaJJWpvp1oc7ZA==

sax@>=0.6.0:
  version "1.2.4"
  resolved "https://registry.yarnpkg.com/sax/-/sax-1.2.4.tgz#2816234e2378bddc4e5354fab5caa895df7100d9"
  integrity sha512-NqVDv9TpANUjFm0N8uM5GxL36UgKi9/atZw+x7YFnQ8ckwFGKrl4xX4yWtrey3UJm5nP1kUbnYgLopqWNSRhWw==

sprintf-js@~1.0.2:
  version "1.0.3"
  resolved "https://registry.yarnpkg.com/sprintf-js/-/sprintf-js-1.0.3.tgz#04e6926f662895354f3dd015203633b857297e2c"
  integrity sha512-D9cPgkvLlV3t3IzL0D0YLvGA9Ahk4PcvVwUbN0dSGr1aP0Nrt4AEnTUbuGvquEC0mA64Gqt1fzirlRs5ibXx8g==

url@0.10.3:
  version "0.10.3"
  resolved "https://registry.yarnpkg.com/url/-/url-0.10.3.tgz#021e4d9c7705f21bbf37d03ceb58767402774c64"
  integrity sha512-hzSUW2q06EqL1gKM/a+obYHLIO6ct2hwPuviqTTOcfFVc61UbfJ2Q32+uGL/HCPxKqrdGB5QUwIe7UqlDgwsOQ==
  dependencies:
    punycode "1.3.2"
    querystring "0.2.0"

util@^0.12.4:
  version "0.12.5"
  resolved "https://registry.yarnpkg.com/util/-/util-0.12.5.tgz#5f17a6059b73db61a875668781a1c2b136bd6fbc"
  integrity sha512-kZf/K6hEIrWHI6XqOFUiiMa+79wE/D8Q+NCNAWclkyg3b4d2k7s0QGepNjiABc+aR3N1PAyHL7p6UcLY6LmrnA==
  dependencies:
    inherits "^2.0.3"
    is-arguments "^1.0.4"
    is-generator-function "^1.0.7"
    is-typed-array "^1.1.3"
    which-typed-array "^1.1.2"

uuid@8.0.0:
  version "8.0.0"
  resolved "https://registry.yarnpkg.com/uuid/-/uuid-8.0.0.tgz#bc6ccf91b5ff0ac07bbcdbf1c7c4e150db4dbb6c"
  integrity sha512-jOXGuXZAWdsTH7eZLtyXMqUb9EcWMGZNbL9YcGBJl4MH4nrxHmZJhEHvyLFrkxo+28uLb/NYRcStH48fnD0Vzw==

watchpack@^2.0.0-beta.10:
  version "2.4.0"
  resolved "https://registry.yarnpkg.com/watchpack/-/watchpack-2.4.0.tgz#fa33032374962c78113f93c7f2fb4c54c9862a5d"
  integrity sha512-Lcvm7MGST/4fup+ifyKi2hjyIAwcdI4HRgtvTpIUxBRhB+RFtUh8XtDOxUfctVCnhVi+QQj49i91OyvzkJl6cg==
  dependencies:
    glob-to-regexp "^0.4.1"
    graceful-fs "^4.1.2"

which-typed-array@^1.1.11, which-typed-array@^1.1.2:
  version "1.1.11"
  resolved "https://registry.yarnpkg.com/which-typed-array/-/which-typed-array-1.1.11.tgz#99d691f23c72aab6768680805a271b69761ed61a"
  integrity sha512-qe9UWWpkeG5yzZ0tNYxDmd7vo58HDBc39mZ0xWWpolAGADdFOzkfamWLDxkOWcvHQKVmdTyQdLD4NOfjLWTKew==
  dependencies:
    available-typed-arrays "^1.0.5"
    call-bind "^1.0.2"
    for-each "^0.3.3"
    gopd "^1.0.1"
    has-tostringtag "^1.0.0"

xml2js@0.5.0:
  version "0.5.0"
  resolved "https://registry.yarnpkg.com/xml2js/-/xml2js-0.5.0.tgz#d9440631fbb2ed800203fad106f2724f62c493b7"
  integrity sha512-drPFnkQJik/O+uPKpqSgr22mpuFHqKdbS835iAQrUC73L2F5WkboIRd63ai/2Yg6I1jzifPFKH2NTK+cfglkIA==
  dependencies:
    sax ">=0.6.0"
    xmlbuilder "~11.0.0"

xmlbuilder@~11.0.0:
  version "11.0.1"
  resolved "https://registry.yarnpkg.com/xmlbuilder/-/xmlbuilder-11.0.1.tgz#be9bae1c8a046e76b31127726347d0ad7002beb3"
  integrity sha512-fDlsI/kFEx7gLvbecc0/ohLG50fugQp8ryHzMTuW9vSa1GJ0XYWKnhsUx7oie3G98+r56aTQIUB4kht42R3JvA==
